
Microsoft Visual Studio Solution File, Format Version 12.00
# Visual Studio Version 17
VisualStudioVersion = 17.4.33205.214
MinimumVisualStudioVersion = 10.0.40219.1
Project("{FAE04EC0-301F-11D3-BF4B-00C04F79EFBC}") = "Challenges", "Challenges\Challenges.csproj", "{96127CB3-5485-46D3-AB3E-428B01407435}"
EndProject
Project("{FAE04EC0-301F-11D3-BF4B-00C04F79EFBC}") = "Utils", "Utils\Utils.csproj", "{EAA4F567-E288-41FE-83CD-EDC05BCBBD1B}"
EndProject
Global
	GlobalSection(SolutionConfigurationPlatforms) = preSolution
		Debug|Any CPU = Debug|Any CPU
		Release|Any CPU = Release|Any CPU
	EndGlobalSection
	GlobalSection(ProjectConfigurationPlatforms) = postSolution
		{96127CB3-5485-46D3-AB3E-428B01407435}.Debug|Any CPU.ActiveCfg = Debug|Any CPU
		{96127CB3-5485-46D3-AB3E-428B01407435}.Debug|Any CPU.Build.0 = Debug|Any CPU
		{96127CB3-5485-46D3-AB3E-428B01407435}.Release|Any CPU.ActiveCfg = Release|Any CPU
		{96127CB3-5485-46D3-AB3E-428B01407435}.Release|Any CPU.Build.0 = Release|Any CPU
		{EAA4F567-E288-41FE-83CD-EDC05BCBBD1B}.Debug|Any CPU.ActiveCfg = Debug|Any CPU
		{EAA4F567-E288-41FE-83CD-EDC05BCBBD1B}.Debug|Any CPU.Build.0 = Debug|Any CPU
		{EAA4F567-E288-41FE-83CD-EDC05BCBBD1B}.Release|Any CPU.ActiveCfg = Release|Any CPU
		{EAA4F567-E288-41FE-83CD-EDC05BCBBD1B}.Release|Any CPU.Build.0 = Release|Any CPU
	EndGlobalSection
	GlobalSection(SolutionProperties) = preSolution
		HideSolutionNode = FALSE
	EndGlobalSection
	GlobalSection(ExtensibilityGlobals) = postSolution
		SolutionGuid = {639B9E15-5EB8-4021-8F52-7B3450B13EB9}
	EndGlobalSection
EndGlobal
